
Microsoft Visual Studio Solution File, Format Version 12.00
# Visual Studio Version 17
VisualStudioVersion = 17.1.32319.34
MinimumVisualStudioVersion = 10.0.40219.1
Project("{FAE04EC0-301F-11D3-BF4B-00C04F79EFBC}") = "Suwastha_API", "Suwastha_API\Suwastha_API.csproj", "{69EADF53-A2F2-48B6-A5C8-8DCE6400721C}"
EndProject
Global
	GlobalSection(SolutionConfigurationPlatforms) = preSolution
		Debug|Any CPU = Debug|Any CPU
		Release|Any CPU = Release|Any CPU
	EndGlobalSection
	GlobalSection(ProjectConfigurationPlatforms) = postSolution
		{69EADF53-A2F2-48B6-A5C8-8DCE6400721C}.Debug|Any CPU.ActiveCfg = Debug|Any CPU
		{69EADF53-A2F2-48B6-A5C8-8DCE6400721C}.Debug|Any CPU.Build.0 = Debug|Any CPU
		{69EADF53-A2F2-48B6-A5C8-8DCE6400721C}.Release|Any CPU.ActiveCfg = Release|Any CPU
		{69EADF53-A2F2-48B6-A5C8-8DCE6400721C}.Release|Any CPU.Build.0 = Release|Any CPU
	EndGlobalSection
	GlobalSection(SolutionProperties) = preSolution
		HideSolutionNode = FALSE
	EndGlobalSection
	GlobalSection(ExtensibilityGlobals) = postSolution
		SolutionGuid = {5C6892FB-35EF-4911-A22E-44A65CA33D83}
	EndGlobalSection
EndGlobal
